
Microsoft Visual Studio Solution File, Format Version 12.00
# Visual Studio Version 16
VisualStudioVersion = 16.0.32630.194
MinimumVisualStudioVersion = 10.0.40219.1
Project("{FAE04EC0-301F-11D3-BF4B-00C04F79EFBC}") = "uc6", "uc6.csproj", "{DCE14703-FC7C-41A4-8B8F-91D91048C5D8}"
EndProject
Global
	GlobalSection(SolutionConfigurationPlatforms) = preSolution
		Debug|Any CPU = Debug|Any CPU
		Release|Any CPU = Release|Any CPU
	EndGlobalSection
	GlobalSection(ProjectConfigurationPlatforms) = postSolution
		{DCE14703-FC7C-41A4-8B8F-91D91048C5D8}.Debug|Any CPU.ActiveCfg = Debug|Any CPU
		{DCE14703-FC7C-41A4-8B8F-91D91048C5D8}.Debug|Any CPU.Build.0 = Debug|Any CPU
		{DCE14703-FC7C-41A4-8B8F-91D91048C5D8}.Release|Any CPU.ActiveCfg = Release|Any CPU
		{DCE14703-FC7C-41A4-8B8F-91D91048C5D8}.Release|Any CPU.Build.0 = Release|Any CPU
	EndGlobalSection
	GlobalSection(SolutionProperties) = preSolution
		HideSolutionNode = FALSE
	EndGlobalSection
	GlobalSection(ExtensibilityGlobals) = postSolution
		SolutionGuid = {148F1F02-D3A2-43B2-B284-128B74D6654B}
	EndGlobalSection
EndGlobal
