
Microsoft Visual Studio Solution File, Format Version 12.00
# Visual Studio Version 16
VisualStudioVersion = 16.0.32630.194
MinimumVisualStudioVersion = 10.0.40219.1
Project("{FAE04EC0-301F-11D3-BF4B-00C04F79EFBC}") = "ConsoleApp1", "ConsoleApp1.csproj", "{EFBCD2E2-3842-4BBE-A019-A968859E23CE}"
EndProject
Global
	GlobalSection(SolutionConfigurationPlatforms) = preSolution
		Debug|Any CPU = Debug|Any CPU
		Release|Any CPU = Release|Any CPU
	EndGlobalSection
	GlobalSection(ProjectConfigurationPlatforms) = postSolution
		{EFBCD2E2-3842-4BBE-A019-A968859E23CE}.Debug|Any CPU.ActiveCfg = Debug|Any CPU
		{EFBCD2E2-3842-4BBE-A019-A968859E23CE}.Debug|Any CPU.Build.0 = Debug|Any CPU
		{EFBCD2E2-3842-4BBE-A019-A968859E23CE}.Release|Any CPU.ActiveCfg = Release|Any CPU
		{EFBCD2E2-3842-4BBE-A019-A968859E23CE}.Release|Any CPU.Build.0 = Release|Any CPU
	EndGlobalSection
	GlobalSection(SolutionProperties) = preSolution
		HideSolutionNode = FALSE
	EndGlobalSection
	GlobalSection(ExtensibilityGlobals) = postSolution
		SolutionGuid = {294DDA71-ED1C-4B71-8893-1C223DF60F46}
	EndGlobalSection
EndGlobal
